
Microsoft Visual Studio Solution File, Format Version 12.00
# Visual Studio Version 17
VisualStudioVersion = 17.0.31919.166
MinimumVisualStudioVersion = 10.0.40219.1
Project("{FAE04EC0-301F-11D3-BF4B-00C04F79EFBC}") = "Funcionarios", "Funcionarios\Funcionarios.csproj", "{564472B2-2FFB-45D2-9914-3CFB299F5367}"
EndProject
Global
	GlobalSection(SolutionConfigurationPlatforms) = preSolution
		Debug|Any CPU = Debug|Any CPU
		Release|Any CPU = Release|Any CPU
	EndGlobalSection
	GlobalSection(ProjectConfigurationPlatforms) = postSolution
		{564472B2-2FFB-45D2-9914-3CFB299F5367}.Debug|Any CPU.ActiveCfg = Debug|Any CPU
		{564472B2-2FFB-45D2-9914-3CFB299F5367}.Debug|Any CPU.Build.0 = Debug|Any CPU
		{564472B2-2FFB-45D2-9914-3CFB299F5367}.Release|Any CPU.ActiveCfg = Release|Any CPU
		{564472B2-2FFB-45D2-9914-3CFB299F5367}.Release|Any CPU.Build.0 = Release|Any CPU
	EndGlobalSection
	GlobalSection(SolutionProperties) = preSolution
		HideSolutionNode = FALSE
	EndGlobalSection
	GlobalSection(ExtensibilityGlobals) = postSolution
		SolutionGuid = {FFDA3F1A-7663-4127-B1BF-9C61A369B2BA}
	EndGlobalSection
EndGlobal
